
Microsoft Visual Studio Solution File, Format Version 12.00
# Visual Studio Version 17
VisualStudioVersion = 17.1.32210.238
MinimumVisualStudioVersion = 10.0.40219.1
Project("{FAE04EC0-301F-11D3-BF4B-00C04F79EFBC}") = "ProductApiBack", "ProductApiBack\ProductApiBack.csproj", "{7CC9A5CB-17B2-430A-A1B6-37124FF338AB}"
EndProject
Global
	GlobalSection(SolutionConfigurationPlatforms) = preSolution
		Debug|Any CPU = Debug|Any CPU
		Release|Any CPU = Release|Any CPU
	EndGlobalSection
	GlobalSection(ProjectConfigurationPlatforms) = postSolution
		{7CC9A5CB-17B2-430A-A1B6-37124FF338AB}.Debug|Any CPU.ActiveCfg = Debug|Any CPU
		{7CC9A5CB-17B2-430A-A1B6-37124FF338AB}.Debug|Any CPU.Build.0 = Debug|Any CPU
		{7CC9A5CB-17B2-430A-A1B6-37124FF338AB}.Release|Any CPU.ActiveCfg = Release|Any CPU
		{7CC9A5CB-17B2-430A-A1B6-37124FF338AB}.Release|Any CPU.Build.0 = Release|Any CPU
	EndGlobalSection
	GlobalSection(SolutionProperties) = preSolution
		HideSolutionNode = FALSE
	EndGlobalSection
	GlobalSection(ExtensibilityGlobals) = postSolution
		SolutionGuid = {15FA5D9E-DA0B-4D2E-A255-5DDAC61322C6}
	EndGlobalSection
EndGlobal
